// !$*UTF8*$!
{
	archiveVersion = 1;
	classes = {
	};
	objectVersion = 52;
	objects = {

/* Begin PBXBuildFile section */
		145B885525D4ED330025DC3F /* Assets.xcassets in Resources */ = {isa = PBXBuildFile; fileRef = 145B885425D4ED330025DC3F /* Assets.xcassets */; };
		145B885A25D4EDCD0025DC3F /* ConversationsView.swift in Sources */ = {isa = PBXBuildFile; fileRef = 145B885925D4EDCD0025DC3F /* ConversationsView.swift */; };
		145B885E25D4EDDF0025DC3F /* ConversationCell.swift in Sources */ = {isa = PBXBuildFile; fileRef = 145B885D25D4EDDF0025DC3F /* ConversationCell.swift */; };
		145B886225D4F49A0025DC3F /* MessageInputView.swift in Sources */ = {isa = PBXBuildFile; fileRef = 145B886125D4F49A0025DC3F /* MessageInputView.swift */; };
		145B886525D4F5580025DC3F /* ChatView.swift in Sources */ = {isa = PBXBuildFile; fileRef = 145B886425D4F5580025DC3F /* ChatView.swift */; };
		145B886825D4F7EE0025DC3F /* ChatBubble.swift in Sources */ = {isa = PBXBuildFile; fileRef = 145B886725D4F7EE0025DC3F /* ChatBubble.swift */; };
		145B886B25D4FB1E0025DC3F /* Message.swift in Sources */ = {isa = PBXBuildFile; fileRef = 145B886A25D4FB1E0025DC3F /* Message.swift */; };
		145B886E25D500610025DC3F /* MessageView.swift in Sources */ = {isa = PBXBuildFile; fileRef = 145B886D25D500610025DC3F /* MessageView.swift */; };
		145B887125D501840025DC3F /* NewMessageView.swift in Sources */ = {isa = PBXBuildFile; fileRef = 145B887025D501840025DC3F /* NewMessageView.swift */; };
		4204FF5425AC8E610030AC6F /* TwitterSwiftUITutorialApp.swift in Sources */ = {isa = PBXBuildFile; fileRef = 4204FF5325AC8E610030AC6F /* TwitterSwiftUITutorialApp.swift */; };
		4204FF5625AC8E610030AC6F /* ContentView.swift in Sources */ = {isa = PBXBuildFile; fileRef = 4204FF5525AC8E610030AC6F /* ContentView.swift */; };
		4204FF5B25AC8E690030AC6F /* Preview Assets.xcassets in Resources */ = {isa = PBXBuildFile; fileRef = 4204FF5A25AC8E690030AC6F /* Preview Assets.xcassets */; };
		420CB95B25F125220011189A /* UploadTweetViewModel.swift in Sources */ = {isa = PBXBuildFile; fileRef = 420CB95A25F125220011189A /* UploadTweetViewModel.swift */; };
		42306C3B25F254E10079B8B1 /* FeedViewModel.swift in Sources */ = {isa = PBXBuildFile; fileRef = 42306C3A25F254E10079B8B1 /* FeedViewModel.swift */; };
		42306C3E25F255190079B8B1 /* Tweet.swift in Sources */ = {isa = PBXBuildFile; fileRef = 42306C3D25F255190079B8B1 /* Tweet.swift */; };
		42306C4125F25BA80079B8B1 /* TweetDetailView.swift in Sources */ = {isa = PBXBuildFile; fileRef = 42306C4025F25BA80079B8B1 /* TweetDetailView.swift */; };
		42306C4425F25FAB0079B8B1 /* TweetActionsView.swift in Sources */ = {isa = PBXBuildFile; fileRef = 42306C4325F25FAB0079B8B1 /* TweetActionsView.swift */; };
		42306C4725F263520079B8B1 /* TweetActionViewModel.swift in Sources */ = {isa = PBXBuildFile; fileRef = 42306C4625F263520079B8B1 /* TweetActionViewModel.swift */; };
		4239E3EB25E5458A001DF720 /* LoginView.swift in Sources */ = {isa = PBXBuildFile; fileRef = 4239E3EA25E5458A001DF720 /* LoginView.swift */; };
		4239E3EF25E545A9001DF720 /* RegistrationView.swift in Sources */ = {isa = PBXBuildFile; fileRef = 4239E3EE25E545A9001DF720 /* RegistrationView.swift */; };
		4239E3F225E546D8001DF720 /* CustomTextField.swift in Sources */ = {isa = PBXBuildFile; fileRef = 4239E3F125E546D8001DF720 /* CustomTextField.swift */; };
		4240670425DABDC60074ECB4 /* UserProfileView.swift in Sources */ = {isa = PBXBuildFile; fileRef = 4240670325DABDC60074ECB4 /* UserProfileView.swift */; };
		4240670725DABECC0074ECB4 /* ProfileHeaderView.swift in Sources */ = {isa = PBXBuildFile; fileRef = 4240670625DABECC0074ECB4 /* ProfileHeaderView.swift */; };
		4240670A25DABEDF0074ECB4 /* ProfileActionButtonView.swift in Sources */ = {isa = PBXBuildFile; fileRef = 4240670925DABEDF0074ECB4 /* ProfileActionButtonView.swift */; };
		4240670D25DABEF70074ECB4 /* FilterButtonView.swift in Sources */ = {isa = PBXBuildFile; fileRef = 4240670C25DABEF70074ECB4 /* FilterButtonView.swift */; };
		42622BFA25E0050700B24711 /* NewTweetView.swift in Sources */ = {isa = PBXBuildFile; fileRef = 42622BF925E0050700B24711 /* NewTweetView.swift */; };
		4263E13425E6993300298CE1 /* CustomSecureField.swift in Sources */ = {isa = PBXBuildFile; fileRef = 4263E13325E6993300298CE1 /* CustomSecureField.swift */; };
		428802C825BB1A1900A62FC8 /* TweetCell.swift in Sources */ = {isa = PBXBuildFile; fileRef = 428802C725BB1A1900A62FC8 /* TweetCell.swift */; };
		42926DAB25E3FB2B00F6225A /* TextArea.swift in Sources */ = {isa = PBXBuildFile; fileRef = 42926DAA25E3FB2B00F6225A /* TextArea.swift */; };
		42A4128C25B88FBC0084C955 /* FeedView.swift in Sources */ = {isa = PBXBuildFile; fileRef = 42A4128B25B88FBC0084C955 /* FeedView.swift */; };
		42A6C1E625EBE36700D0346A /* GoogleService-Info.plist in Resources */ = {isa = PBXBuildFile; fileRef = 42A6C1E525EBE36700D0346A /* GoogleService-Info.plist */; };
		42A6C1EA25EBE57000D0346A /* FirebaseFunctions in Frameworks */ = {isa = PBXBuildFile; productRef = 42A6C1E925EBE57000D0346A /* FirebaseFunctions */; };
		42A6C1EC25EBE57000D0346A /* FirebaseStorage in Frameworks */ = {isa = PBXBuildFile; productRef = 42A6C1EB25EBE57000D0346A /* FirebaseStorage */; };
		42A6C1EE25EBE57000D0346A /* FirebaseAuth in Frameworks */ = {isa = PBXBuildFile; productRef = 42A6C1ED25EBE57000D0346A /* FirebaseAuth */; };
		42A6C1F025EBE57000D0346A /* FirebaseFirestore in Frameworks */ = {isa = PBXBuildFile; productRef = 42A6C1EF25EBE57000D0346A /* FirebaseFirestore */; };
		42A6C1F325EC7FFB00D0346A /* AuthViewModel.swift in Sources */ = {isa = PBXBuildFile; fileRef = 42A6C1F225EC7FFB00D0346A /* AuthViewModel.swift */; };
		42A6C1F625ECCCA900D0346A /* User.swift in Sources */ = {isa = PBXBuildFile; fileRef = 42A6C1F525ECCCA900D0346A /* User.swift */; };
		42AAE69225E93F580067A897 /* ImagePicker.swift in Sources */ = {isa = PBXBuildFile; fileRef = 42AAE69125E93F580067A897 /* ImagePicker.swift */; };
		42B5ABFC25EFCC5C00B71323 /* ProfileViewModel.swift in Sources */ = {isa = PBXBuildFile; fileRef = 42B5ABFB25EFCC5C00B71323 /* ProfileViewModel.swift */; };
		42BCA1C025D4220400E34A54 /* UserCell.swift in Sources */ = {isa = PBXBuildFile; fileRef = 42BCA1BF25D4220400E34A54 /* UserCell.swift */; };
		42ED6D3925EE63E300628FCD /* Kingfisher in Frameworks */ = {isa = PBXBuildFile; productRef = 42ED6D3825EE63E300628FCD /* Kingfisher */; };
		42ED6D3C25EE64E600628FCD /* SearchViewModel.swift in Sources */ = {isa = PBXBuildFile; fileRef = 42ED6D3B25EE64E600628FCD /* SearchViewModel.swift */; };
		42ED6D3F25EE656200628FCD /* Constants.swift in Sources */ = {isa = PBXBuildFile; fileRef = 42ED6D3E25EE656200628FCD /* Constants.swift */; };
		42F9714525D2D1E0001491F5 /* SearchView.swift in Sources */ = {isa = PBXBuildFile; fileRef = 42F9714425D2D1E0001491F5 /* SearchView.swift */; };
		42F9714825D2D273001491F5 /* SearchBar.swift in Sources */ = {isa = PBXBuildFile; fileRef = 42F9714725D2D273001491F5 /* SearchBar.swift */; };
/* End PBXBuildFile section */

/* Begin PBXFileReference section */
		145B885425D4ED330025DC3F /* Assets.xcassets */ = {isa = PBXFileReference; lastKnownFileType = folder.assetcatalog; path = Assets.xcassets; sourceTree = "<group>"; };
		145B885925D4EDCD0025DC3F /* ConversationsView.swift */ = {isa = PBXFileReference; lastKnownFileType = sourcecode.swift; path = ConversationsView.swift; sourceTree = "<group>"; };
		145B885D25D4EDDF0025DC3F /* ConversationCell.swift */ = {isa = PBXFileReference; lastKnownFileType = sourcecode.swift; path = ConversationCell.swift; sourceTree = "<group>"; };
		145B886125D4F49A0025DC3F /* MessageInputView.swift */ = {isa = PBXFileReference; lastKnownFileType = sourcecode.swift; path = MessageInputView.swift; sourceTree = "<group>"; };
		145B886425D4F5580025DC3F /* ChatView.swift */ = {isa = PBXFileReference; lastKnownFileType = sourcecode.swift; path = ChatView.swift; sourceTree = "<group>"; };
		145B886725D4F7EE0025DC3F /* ChatBubble.swift */ = {isa = PBXFileReference; lastKnownFileType = sourcecode.swift; path = ChatBubble.swift; sourceTree = "<group>"; };
		145B886A25D4FB1E0025DC3F /* Message.swift */ = {isa = PBXFileReference; lastKnownFileType = sourcecode.swift; name = Message.swift; path = TwitterSwiftUITutorial/View/Messages/Message.swift; sourceTree = SOURCE_ROOT; };
		145B886D25D500610025DC3F /* MessageView.swift */ = {isa = PBXFileReference; lastKnownFileType = sourcecode.swift; path = MessageView.swift; sourceTree = "<group>"; };
		145B887025D501840025DC3F /* NewMessageView.swift */ = {isa = PBXFileReference; lastKnownFileType = sourcecode.swift; path = NewMessageView.swift; sourceTree = "<group>"; };
		4204FF5025AC8E610030AC6F /* TwitterSwiftUITutorial.app */ = {isa = PBXFileReference; explicitFileType = wrapper.application; includeInIndex = 0; path = TwitterSwiftUITutorial.app; sourceTree = BUILT_PRODUCTS_DIR; };
		4204FF5325AC8E610030AC6F /* TwitterSwiftUITutorialApp.swift */ = {isa = PBXFileReference; lastKnownFileType = sourcecode.swift; path = TwitterSwiftUITutorialApp.swift; sourceTree = "<group>"; };
		4204FF5525AC8E610030AC6F /* ContentView.swift */ = {isa = PBXFileReference; lastKnownFileType = sourcecode.swift; path = ContentView.swift; sourceTree = "<group>"; };
		4204FF5A25AC8E690030AC6F /* Preview Assets.xcassets */ = {isa = PBXFileReference; lastKnownFileType = folder.assetcatalog; path = "Preview Assets.xcassets"; sourceTree = "<group>"; };
		4204FF5C25AC8E690030AC6F /* Info.plist */ = {isa = PBXFileReference; lastKnownFileType = text.plist.xml; path = Info.plist; sourceTree = "<group>"; };
		420CB95A25F125220011189A /* UploadTweetViewModel.swift */ = {isa = PBXFileReference; lastKnownFileType = sourcecode.swift; path = UploadTweetViewModel.swift; sourceTree = "<group>"; };
		42306C3A25F254E10079B8B1 /* FeedViewModel.swift */ = {isa = PBXFileReference; lastKnownFileType = sourcecode.swift; path = FeedViewModel.swift; sourceTree = "<group>"; };
		42306C3D25F255190079B8B1 /* Tweet.swift */ = {isa = PBXFileReference; lastKnownFileType = sourcecode.swift; path = Tweet.swift; sourceTree = "<group>"; };
		42306C4025F25BA80079B8B1 /* TweetDetailView.swift */ = {isa = PBXFileReference; lastKnownFileType = sourcecode.swift; path = TweetDetailView.swift; sourceTree = "<group>"; };
		42306C4325F25FAB0079B8B1 /* TweetActionsView.swift */ = {isa = PBXFileReference; lastKnownFileType = sourcecode.swift; path = TweetActionsView.swift; sourceTree = "<group>"; };
		42306C4625F263520079B8B1 /* TweetActionViewModel.swift */ = {isa = PBXFileReference; lastKnownFileType = sourcecode.swift; path = TweetActionViewModel.swift; sourceTree = "<group>"; };
		4239E3EA25E5458A001DF720 /* LoginView.swift */ = {isa = PBXFileReference; lastKnownFileType = sourcecode.swift; path = LoginView.swift; sourceTree = "<group>"; };
		4239E3EE25E545A9001DF720 /* RegistrationView.swift */ = {isa = PBXFileReference; lastKnownFileType = sourcecode.swift; path = RegistrationView.swift; sourceTree = "<group>"; };
		4239E3F125E546D8001DF720 /* CustomTextField.swift */ = {isa = PBXFileReference; lastKnownFileType = sourcecode.swift; path = CustomTextField.swift; sourceTree = "<group>"; };
		4240670325DABDC60074ECB4 /* UserProfileView.swift */ = {isa = PBXFileReference; lastKnownFileType = sourcecode.swift; path = UserProfileView.swift; sourceTree = "<group>"; };
		4240670625DABECC0074ECB4 /* ProfileHeaderView.swift */ = {isa = PBXFileReference; lastKnownFileType = sourcecode.swift; path = ProfileHeaderView.swift; sourceTree = "<group>"; };
		4240670925DABEDF0074ECB4 /* ProfileActionButtonView.swift */ = {isa = PBXFileReference; lastKnownFileType = sourcecode.swift; path = ProfileActionButtonView.swift; sourceTree = "<group>"; };
		4240670C25DABEF70074ECB4 /* FilterButtonView.swift */ = {isa = PBXFileReference; lastKnownFileType = sourcecode.swift; path = FilterButtonView.swift; sourceTree = "<group>"; };
		42622BF925E0050700B24711 /* NewTweetView.swift */ = {isa = PBXFileReference; lastKnownFileType = sourcecode.swift; path = NewTweetView.swift; sourceTree = "<group>"; };
		4263E13325E6993300298CE1 /* CustomSecureField.swift */ = {isa = PBXFileReference; lastKnownFileType = sourcecode.swift; path = CustomSecureField.swift; sourceTree = "<group>"; };
		428802C725BB1A1900A62FC8 /* TweetCell.swift */ = {isa = PBXFileReference; lastKnownFileType = sourcecode.swift; path = TweetCell.swift; sourceTree = "<group>"; };
		42926DAA25E3FB2B00F6225A /* TextArea.swift */ = {isa = PBXFileReference; lastKnownFileType = sourcecode.swift; path = TextArea.swift; sourceTree = "<group>"; };
		42A4128B25B88FBC0084C955 /* FeedView.swift */ = {isa = PBXFileReference; lastKnownFileType = sourcecode.swift; path = FeedView.swift; sourceTree = "<group>"; };
		42A6C1E525EBE36700D0346A /* GoogleService-Info.plist */ = {isa = PBXFileReference; fileEncoding = 4; lastKnownFileType = text.plist.xml; path = "GoogleService-Info.plist"; sourceTree = "<group>"; };
		42A6C1F225EC7FFB00D0346A /* AuthViewModel.swift */ = {isa = PBXFileReference; lastKnownFileType = sourcecode.swift; path = AuthViewModel.swift; sourceTree = "<group>"; };
		42A6C1F525ECCCA900D0346A /* User.swift */ = {isa = PBXFileReference; lastKnownFileType = sourcecode.swift; path = User.swift; sourceTree = "<group>"; };
		42AAE69125E93F580067A897 /* ImagePicker.swift */ = {isa = PBXFileReference; lastKnownFileType = sourcecode.swift; path = ImagePicker.swift; sourceTree = "<group>"; };
		42B5ABFB25EFCC5C00B71323 /* ProfileViewModel.swift */ = {isa = PBXFileReference; lastKnownFileType = sourcecode.swift; path = ProfileViewModel.swift; sourceTree = "<group>"; };
		42BCA1BF25D4220400E34A54 /* UserCell.swift */ = {isa = PBXFileReference; lastKnownFileType = sourcecode.swift; path = UserCell.swift; sourceTree = "<group>"; };
		42ED6D3B25EE64E600628FCD /* SearchViewModel.swift */ = {isa = PBXFileReference; lastKnownFileType = sourcecode.swift; path = SearchViewModel.swift; sourceTree = "<group>"; };
		42ED6D3E25EE656200628FCD /* Constants.swift */ = {isa = PBXFileReference; lastKnownFileType = sourcecode.swift; path = Constants.swift; sourceTree = "<group>"; };
		42F9714425D2D1E0001491F5 /* SearchView.swift */ = {isa = PBXFileReference; lastKnownFileType = sourcecode.swift; path = SearchView.swift; sourceTree = "<group>"; };
		42F9714725D2D273001491F5 /* SearchBar.swift */ = {isa = PBXFileReference; lastKnownFileType = sourcecode.swift; path = SearchBar.swift; sourceTree = "<group>"; };
/* End PBXFileReference section */

/* Begin PBXFrameworksBuildPhase section */
		4204FF4D25AC8E610030AC6F /* Frameworks */ = {
			isa = PBXFrameworksBuildPhase;
			buildActionMask = 2147483647;
			files = (
				42A6C1EA25EBE57000D0346A /* FirebaseFunctions in Frameworks */,
				42A6C1F025EBE57000D0346A /* FirebaseFirestore in Frameworks */,
				42A6C1EE25EBE57000D0346A /* FirebaseAuth in Frameworks */,
				42A6C1EC25EBE57000D0346A /* FirebaseStorage in Frameworks */,
				42ED6D3925EE63E300628FCD /* Kingfisher in Frameworks */,
			);
			runOnlyForDeploymentPostprocessing = 0;
		};
/* End PBXFrameworksBuildPhase section */

/* Begin PBXGroup section */
		145B885825D4EDB60025DC3F /* Messages */ = {
			isa = PBXGroup;
			children = (
				145B885925D4EDCD0025DC3F /* ConversationsView.swift */,
				145B885D25D4EDDF0025DC3F /* ConversationCell.swift */,
				145B886125D4F49A0025DC3F /* MessageInputView.swift */,
				145B886425D4F5580025DC3F /* ChatView.swift */,
				145B886725D4F7EE0025DC3F /* ChatBubble.swift */,
				145B886D25D500610025DC3F /* MessageView.swift */,
				145B887025D501840025DC3F /* NewMessageView.swift */,
			);
			path = Messages;
			sourceTree = "<group>";
		};
		4204FF4725AC8E610030AC6F = {
			isa = PBXGroup;
			children = (
				4204FF5225AC8E610030AC6F /* TwitterSwiftUITutorial */,
				4204FF5125AC8E610030AC6F /* Products */,
			);
			sourceTree = "<group>";
		};
		4204FF5125AC8E610030AC6F /* Products */ = {
			isa = PBXGroup;
			children = (
				4204FF5025AC8E610030AC6F /* TwitterSwiftUITutorial.app */,
			);
			name = Products;
			sourceTree = "<group>";
		};
		4204FF5225AC8E610030AC6F /* TwitterSwiftUITutorial */ = {
			isa = PBXGroup;
			children = (
				42926DA825E3FB0A00F6225A /* Utils */,
				42A4128525B88F740084C955 /* ViewModels */,
				42A4128425B88F5C0084C955 /* View */,
				42A4128325B88F560084C955 /* Model */,
				4204FF5325AC8E610030AC6F /* TwitterSwiftUITutorialApp.swift */,
				42A6C1E525EBE36700D0346A /* GoogleService-Info.plist */,
				145B885425D4ED330025DC3F /* Assets.xcassets */,
				4204FF5C25AC8E690030AC6F /* Info.plist */,
				4204FF5925AC8E690030AC6F /* Preview Content */,
			);
			path = TwitterSwiftUITutorial;
			sourceTree = "<group>";
		};
		4204FF5925AC8E690030AC6F /* Preview Content */ = {
			isa = PBXGroup;
			children = (
				4204FF5A25AC8E690030AC6F /* Preview Assets.xcassets */,
			);
			path = "Preview Content";
			sourceTree = "<group>";
		};
		4239E3E925E54572001DF720 /* Authentication */ = {
			isa = PBXGroup;
			children = (
				4239E3EA25E5458A001DF720 /* LoginView.swift */,
				4239E3EE25E545A9001DF720 /* RegistrationView.swift */,
			);
			path = Authentication;
			sourceTree = "<group>";
		};
		4240670225DABDB40074ECB4 /* Profile */ = {
			isa = PBXGroup;
			children = (
				4240670325DABDC60074ECB4 /* UserProfileView.swift */,
				4240670625DABECC0074ECB4 /* ProfileHeaderView.swift */,
				4240670925DABEDF0074ECB4 /* ProfileActionButtonView.swift */,
				4240670C25DABEF70074ECB4 /* FilterButtonView.swift */,
			);
			path = Profile;
			sourceTree = "<group>";
		};
		42622BF825E004EE00B24711 /* Tweets */ = {
			isa = PBXGroup;
			children = (
				42622BF925E0050700B24711 /* NewTweetView.swift */,
				42306C4025F25BA80079B8B1 /* TweetDetailView.swift */,
				42306C4325F25FAB0079B8B1 /* TweetActionsView.swift */,
			);
			path = Tweets;
			sourceTree = "<group>";
		};
		42926DA825E3FB0A00F6225A /* Utils */ = {
			isa = PBXGroup;
			children = (
				42926DA925E3FB1100F6225A /* Views */,
				42ED6D3E25EE656200628FCD /* Constants.swift */,
			);
			path = Utils;
			sourceTree = "<group>";
		};
		42926DA925E3FB1100F6225A /* Views */ = {
			isa = PBXGroup;
			children = (
				42926DAA25E3FB2B00F6225A /* TextArea.swift */,
				4239E3F125E546D8001DF720 /* CustomTextField.swift */,
				4263E13325E6993300298CE1 /* CustomSecureField.swift */,
				42AAE69125E93F580067A897 /* ImagePicker.swift */,
			);
			path = Views;
			sourceTree = "<group>";
		};
		42A4128325B88F560084C955 /* Model */ = {
			isa = PBXGroup;
			children = (
				145B886A25D4FB1E0025DC3F /* Message.swift */,
				42A6C1F525ECCCA900D0346A /* User.swift */,
				42306C3D25F255190079B8B1 /* Tweet.swift */,
			);
			path = Model;
			sourceTree = "<group>";
		};
		42A4128425B88F5C0084C955 /* View */ = {
			isa = PBXGroup;
			children = (
				4239E3E925E54572001DF720 /* Authentication */,
				42622BF825E004EE00B24711 /* Tweets */,
				4240670225DABDB40074ECB4 /* Profile */,
				145B885825D4EDB60025DC3F /* Messages */,
				4204FF5525AC8E610030AC6F /* ContentView.swift */,
				42A4128B25B88FBC0084C955 /* FeedView.swift */,
				428802C725BB1A1900A62FC8 /* TweetCell.swift */,
				42F9714425D2D1E0001491F5 /* SearchView.swift */,
				42F9714725D2D273001491F5 /* SearchBar.swift */,
				42BCA1BF25D4220400E34A54 /* UserCell.swift */,
			);
			path = View;
			sourceTree = "<group>";
		};
		42A4128525B88F740084C955 /* ViewModels */ = {
			isa = PBXGroup;
			children = (
				42A6C1F225EC7FFB00D0346A /* AuthViewModel.swift */,
				42ED6D3B25EE64E600628FCD /* SearchViewModel.swift */,
				42B5ABFB25EFCC5C00B71323 /* ProfileViewModel.swift */,
				420CB95A25F125220011189A /* UploadTweetViewModel.swift */,
				42306C3A25F254E10079B8B1 /* FeedViewModel.swift */,
				42306C4625F263520079B8B1 /* TweetActionViewModel.swift */,
			);
			path = ViewModels;
			sourceTree = "<group>";
		};
/* End PBXGroup section */

/* Begin PBXNativeTarget section */
		4204FF4F25AC8E610030AC6F /* TwitterSwiftUITutorial */ = {
			isa = PBXNativeTarget;
			buildConfigurationList = 4204FF5F25AC8E690030AC6F /* Build configuration list for PBXNativeTarget "TwitterSwiftUITutorial" */;
			buildPhases = (
				4204FF4C25AC8E610030AC6F /* Sources */,
				4204FF4D25AC8E610030AC6F /* Frameworks */,
				4204FF4E25AC8E610030AC6F /* Resources */,
			);
			buildRules = (
			);
			dependencies = (
			);
			name = TwitterSwiftUITutorial;
			packageProductDependencies = (
				42A6C1E925EBE57000D0346A /* FirebaseFunctions */,
				42A6C1EB25EBE57000D0346A /* FirebaseStorage */,
				42A6C1ED25EBE57000D0346A /* FirebaseAuth */,
				42A6C1EF25EBE57000D0346A /* FirebaseFirestore */,
				42ED6D3825EE63E300628FCD /* Kingfisher */,
			);
			productName = TwitterSwiftUITutorial;
			productReference = 4204FF5025AC8E610030AC6F /* TwitterSwiftUITutorial.app */;
			productType = "com.apple.product-type.application";
		};
/* End PBXNativeTarget section */

/* Begin PBXProject section */
		4204FF4825AC8E610030AC6F /* Project object */ = {
			isa = PBXProject;
			attributes = {
				LastSwiftUpdateCheck = 1230;
				LastUpgradeCheck = 1230;
				TargetAttributes = {
					4204FF4F25AC8E610030AC6F = {
						CreatedOnToolsVersion = 12.3;
					};
				};
			};
			buildConfigurationList = 4204FF4B25AC8E610030AC6F /* Build configuration list for PBXProject "TwitterSwiftUITutorial" */;
			compatibilityVersion = "Xcode 9.3";
			developmentRegion = en;
			hasScannedForEncodings = 0;
			knownRegions = (
				en,
				Base,
			);
			mainGroup = 4204FF4725AC8E610030AC6F;
			packageReferences = (
				42A6C1E825EBE57000D0346A /* XCRemoteSwiftPackageReference "firebase-ios-sdk" */,
				42ED6D3725EE63E200628FCD /* XCRemoteSwiftPackageReference "Kingfisher" */,
			);
			productRefGroup = 4204FF5125AC8E610030AC6F /* Products */;
			projectDirPath = "";
			projectRoot = "";
			targets = (
				4204FF4F25AC8E610030AC6F /* TwitterSwiftUITutorial */,
			);
		};
/* End PBXProject section */

/* Begin PBXResourcesBuildPhase section */
		4204FF4E25AC8E610030AC6F /* Resources */ = {
			isa = PBXResourcesBuildPhase;
			buildActionMask = 2147483647;
			files = (
				4204FF5B25AC8E690030AC6F /* Preview Assets.xcassets in Resources */,
				42A6C1E625EBE36700D0346A /* GoogleService-Info.plist in Resources */,
				145B885525D4ED330025DC3F /* Assets.xcassets in Resources */,
			);
			runOnlyForDeploymentPostprocessing = 0;
		};
/* End PBXResourcesBuildPhase section */

/* Begin PBXSourcesBuildPhase section */
		4204FF4C25AC8E610030AC6F /* Sources */ = {
			isa = PBXSourcesBuildPhase;
			buildActionMask = 2147483647;
			files = (
				42F9714525D2D1E0001491F5 /* SearchView.swift in Sources */,
				42926DAB25E3FB2B00F6225A /* TextArea.swift in Sources */,
				4239E3EF25E545A9001DF720 /* RegistrationView.swift in Sources */,
				145B886225D4F49A0025DC3F /* MessageInputView.swift in Sources */,
				4204FF5625AC8E610030AC6F /* ContentView.swift in Sources */,
				42306C3E25F255190079B8B1 /* Tweet.swift in Sources */,
				42306C3B25F254E10079B8B1 /* FeedViewModel.swift in Sources */,
				42ED6D3F25EE656200628FCD /* Constants.swift in Sources */,
				42A4128C25B88FBC0084C955 /* FeedView.swift in Sources */,
				4240670725DABECC0074ECB4 /* ProfileHeaderView.swift in Sources */,
				42306C4425F25FAB0079B8B1 /* TweetActionsView.swift in Sources */,
				145B886525D4F5580025DC3F /* ChatView.swift in Sources */,
				145B885A25D4EDCD0025DC3F /* ConversationsView.swift in Sources */,
				4239E3EB25E5458A001DF720 /* LoginView.swift in Sources */,
				42622BFA25E0050700B24711 /* NewTweetView.swift in Sources */,
				42B5ABFC25EFCC5C00B71323 /* ProfileViewModel.swift in Sources */,
				4240670D25DABEF70074ECB4 /* FilterButtonView.swift in Sources */,
				4204FF5425AC8E610030AC6F /* TwitterSwiftUITutorialApp.swift in Sources */,
				420CB95B25F125220011189A /* UploadTweetViewModel.swift in Sources */,
				42AAE69225E93F580067A897 /* ImagePicker.swift in Sources */,
				145B886825D4F7EE0025DC3F /* ChatBubble.swift in Sources */,
				42306C4725F263520079B8B1 /* TweetActionViewModel.swift in Sources */,
				145B885E25D4EDDF0025DC3F /* ConversationCell.swift in Sources */,
				145B887125D501840025DC3F /* NewMessageView.swift in Sources */,
				42306C4125F25BA80079B8B1 /* TweetDetailView.swift in Sources */,
				42A6C1F325EC7FFB00D0346A /* AuthViewModel.swift in Sources */,
				42ED6D3C25EE64E600628FCD /* SearchViewModel.swift in Sources */,
				145B886B25D4FB1E0025DC3F /* Message.swift in Sources */,
				4240670425DABDC60074ECB4 /* UserProfileView.swift in Sources */,
				42A6C1F625ECCCA900D0346A /* User.swift in Sources */,
				428802C825BB1A1900A62FC8 /* TweetCell.swift in Sources */,
				4240670A25DABEDF0074ECB4 /* ProfileActionButtonView.swift in Sources */,
				4263E13425E6993300298CE1 /* CustomSecureField.swift in Sources */,
				4239E3F225E546D8001DF720 /* CustomTextField.swift in Sources */,
				42F9714825D2D273001491F5 /* SearchBar.swift in Sources */,
				145B886E25D500610025DC3F /* MessageView.swift in Sources */,
				42BCA1C025D4220400E34A54 /* UserCell.swift in Sources */,
			);
			runOnlyForDeploymentPostprocessing = 0;
		};
/* End PBXSourcesBuildPhase section */

/* Begin XCBuildConfiguration section */
		4204FF5D25AC8E690030AC6F /* Debug */ = {
			isa = XCBuildConfiguration;
			buildSettings = {
				ALWAYS_SEARCH_USER_PATHS = NO;
				CLANG_ANALYZER_NONNULL = YES;
				CLANG_ANALYZER_NUMBER_OBJECT_CONVERSION = YES_AGGRESSIVE;
				CLANG_CXX_LANGUAGE_STANDARD = "gnu++14";
				CLANG_CXX_LIBRARY = "libc++";
				CLANG_ENABLE_MODULES = YES;
				CLANG_ENABLE_OBJC_ARC = YES;
				CLANG_ENABLE_OBJC_WEAK = YES;
				CLANG_WARN_BLOCK_CAPTURE_AUTORELEASING = YES;
				CLANG_WARN_BOOL_CONVERSION = YES;
				CLANG_WARN_COMMA = YES;
				CLANG_WARN_CONSTANT_CONVERSION = YES;
				CLANG_WARN_DEPRECATED_OBJC_IMPLEMENTATIONS = YES;
				CLANG_WARN_DIRECT_OBJC_ISA_USAGE = YES_ERROR;
				CLANG_WARN_DOCUMENTATION_COMMENTS = YES;
				CLANG_WARN_EMPTY_BODY = YES;
				CLANG_WARN_ENUM_CONVERSION = YES;
				CLANG_WARN_INFINITE_RECURSION = YES;
				CLANG_WARN_INT_CONVERSION = YES;
				CLANG_WARN_NON_LITERAL_NULL_CONVERSION = YES;
				CLANG_WARN_OBJC_IMPLICIT_RETAIN_SELF = YES;
				CLANG_WARN_OBJC_LITERAL_CONVERSION = YES;
				CLANG_WARN_OBJC_ROOT_CLASS = YES_ERROR;
				CLANG_WARN_QUOTED_INCLUDE_IN_FRAMEWORK_HEADER = YES;
				CLANG_WARN_RANGE_LOOP_ANALYSIS = YES;
				CLANG_WARN_STRICT_PROTOTYPES = YES;
				CLANG_WARN_SUSPICIOUS_MOVE = YES;
				CLANG_WARN_UNGUARDED_AVAILABILITY = YES_AGGRESSIVE;
				CLANG_WARN_UNREACHABLE_CODE = YES;
				CLANG_WARN__DUPLICATE_METHOD_MATCH = YES;
				COPY_PHASE_STRIP = NO;
				DEBUG_INFORMATION_FORMAT = dwarf;
				ENABLE_STRICT_OBJC_MSGSEND = YES;
				ENABLE_TESTABILITY = YES;
				GCC_C_LANGUAGE_STANDARD = gnu11;
				GCC_DYNAMIC_NO_PIC = NO;
				GCC_NO_COMMON_BLOCKS = YES;
				GCC_OPTIMIZATION_LEVEL = 0;
				GCC_PREPROCESSOR_DEFINITIONS = (
					"DEBUG=1",
					"$(inherited)",
				);
				GCC_WARN_64_TO_32_BIT_CONVERSION = YES;
				GCC_WARN_ABOUT_RETURN_TYPE = YES_ERROR;
				GCC_WARN_UNDECLARED_SELECTOR = YES;
				GCC_WARN_UNINITIALIZED_AUTOS = YES_AGGRESSIVE;
				GCC_WARN_UNUSED_FUNCTION = YES;
				GCC_WARN_UNUSED_VARIABLE = YES;
				IPHONEOS_DEPLOYMENT_TARGET = 14.3;
				MTL_ENABLE_DEBUG_INFO = INCLUDE_SOURCE;
				MTL_FAST_MATH = YES;
				ONLY_ACTIVE_ARCH = YES;
				SDKROOT = iphoneos;
				SWIFT_ACTIVE_COMPILATION_CONDITIONS = DEBUG;
				SWIFT_OPTIMIZATION_LEVEL = "-Onone";
			};
			name = Debug;
		};
		4204FF5E25AC8E690030AC6F /* Release */ = {
			isa = XCBuildConfiguration;
			buildSettings = {
				ALWAYS_SEARCH_USER_PATHS = NO;
				CLANG_ANALYZER_NONNULL = YES;
				CLANG_ANALYZER_NUMBER_OBJECT_CONVERSION = YES_AGGRESSIVE;
				CLANG_CXX_LANGUAGE_STANDARD = "gnu++14";
				CLANG_CXX_LIBRARY = "libc++";
				CLANG_ENABLE_MODULES = YES;
				CLANG_ENABLE_OBJC_ARC = YES;
				CLANG_ENABLE_OBJC_WEAK = YES;
				CLANG_WARN_BLOCK_CAPTURE_AUTORELEASING = YES;
				CLANG_WARN_BOOL_CONVERSION = YES;
				CLANG_WARN_COMMA = YES;
				CLANG_WARN_CONSTANT_CONVERSION = YES;
				CLANG_WARN_DEPRECATED_OBJC_IMPLEMENTATIONS = YES;
				CLANG_WARN_DIRECT_OBJC_ISA_USAGE = YES_ERROR;
				CLANG_WARN_DOCUMENTATION_COMMENTS = YES;
				CLANG_WARN_EMPTY_BODY = YES;
				CLANG_WARN_ENUM_CONVERSION = YES;
				CLANG_WARN_INFINITE_RECURSION = YES;
				CLANG_WARN_INT_CONVERSION = YES;
				CLANG_WARN_NON_LITERAL_NULL_CONVERSION = YES;
				CLANG_WARN_OBJC_IMPLICIT_RETAIN_SELF = YES;
				CLANG_WARN_OBJC_LITERAL_CONVERSION = YES;
				CLANG_WARN_OBJC_ROOT_CLASS = YES_ERROR;
				CLANG_WARN_QUOTED_INCLUDE_IN_FRAMEWORK_HEADER = YES;
				CLANG_WARN_RANGE_LOOP_ANALYSIS = YES;
				CLANG_WARN_STRICT_PROTOTYPES = YES;
				CLANG_WARN_SUSPICIOUS_MOVE = YES;
				CLANG_WARN_UNGUARDED_AVAILABILITY = YES_AGGRESSIVE;
				CLANG_WARN_UNREACHABLE_CODE = YES;
				CLANG_WARN__DUPLICATE_METHOD_MATCH = YES;
				COPY_PHASE_STRIP = NO;
				DEBUG_INFORMATION_FORMAT = "dwarf-with-dsym";
				ENABLE_NS_ASSERTIONS = NO;
				ENABLE_STRICT_OBJC_MSGSEND = YES;
				GCC_C_LANGUAGE_STANDARD = gnu11;
				GCC_NO_COMMON_BLOCKS = YES;
				GCC_WARN_64_TO_32_BIT_CONVERSION = YES;
				GCC_WARN_ABOUT_RETURN_TYPE = YES_ERROR;
				GCC_WARN_UNDECLARED_SELECTOR = YES;
				GCC_WARN_UNINITIALIZED_AUTOS = YES_AGGRESSIVE;
				GCC_WARN_UNUSED_FUNCTION = YES;
				GCC_WARN_UNUSED_VARIABLE = YES;
				IPHONEOS_DEPLOYMENT_TARGET = 14.3;
				MTL_ENABLE_DEBUG_INFO = NO;
				MTL_FAST_MATH = YES;
				SDKROOT = iphoneos;
				SWIFT_COMPILATION_MODE = wholemodule;
				SWIFT_OPTIMIZATION_LEVEL = "-O";
				VALIDATE_PRODUCT = YES;
			};
			name = Release;
		};
		4204FF6025AC8E690030AC6F /* Debug */ = {
			isa = XCBuildConfiguration;
			buildSettings = {
				ASSETCATALOG_COMPILER_APPICON_NAME = AppIcon;
				ASSETCATALOG_COMPILER_GLOBAL_ACCENT_COLOR_NAME = AccentColor;
				CODE_SIGN_STYLE = Automatic;
				DEVELOPMENT_ASSET_PATHS = "\"TwitterSwiftUITutorial/Preview Content\"";
				ENABLE_PREVIEWS = YES;
				INFOPLIST_FILE = TwitterSwiftUITutorial/Info.plist;
				IPHONEOS_DEPLOYMENT_TARGET = 14.0;
				LD_RUNPATH_SEARCH_PATHS = (
					"$(inherited)",
					"@executable_path/Frameworks",
				);
				PRODUCT_BUNDLE_IDENTIFIER = com.eonsubae.TwitterSwiftUITutorial;
				PRODUCT_NAME = "$(TARGET_NAME)";
				SWIFT_VERSION = 5.0;
				TARGETED_DEVICE_FAMILY = "1,2";
			};
			name = Debug;
		};
		4204FF6125AC8E690030AC6F /* Release */ = {
			isa = XCBuildConfiguration;
			buildSettings = {
				ASSETCATALOG_COMPILER_APPICON_NAME = AppIcon;
				ASSETCATALOG_COMPILER_GLOBAL_ACCENT_COLOR_NAME = AccentColor;
				CODE_SIGN_STYLE = Automatic;
				DEVELOPMENT_ASSET_PATHS = "\"TwitterSwiftUITutorial/Preview Content\"";
				ENABLE_PREVIEWS = YES;
				INFOPLIST_FILE = TwitterSwiftUITutorial/Info.plist;
				IPHONEOS_DEPLOYMENT_TARGET = 14.0;
				LD_RUNPATH_SEARCH_PATHS = (
					"$(inherited)",
					"@executable_path/Frameworks",
				);
				PRODUCT_BUNDLE_IDENTIFIER = com.eonsubae.TwitterSwiftUITutorial;
				PRODUCT_NAME = "$(TARGET_NAME)";
				SWIFT_VERSION = 5.0;
				TARGETED_DEVICE_FAMILY = "1,2";
			};
			name = Release;
		};
/* End XCBuildConfiguration section */

/* Begin XCConfigurationList section */
		4204FF4B25AC8E610030AC6F /* Build configuration list for PBXProject "TwitterSwiftUITutorial" */ = {
			isa = XCConfigurationList;
			buildConfigurations = (
				4204FF5D25AC8E690030AC6F /* Debug */,
				4204FF5E25AC8E690030AC6F /* Release */,
			);
			defaultConfigurationIsVisible = 0;
			defaultConfigurationName = Release;
		};
		4204FF5F25AC8E690030AC6F /* Build configuration list for PBXNativeTarget "TwitterSwiftUITutorial" */ = {
			isa = XCConfigurationList;
			buildConfigurations = (
				4204FF6025AC8E690030AC6F /* Debug */,
				4204FF6125AC8E690030AC6F /* Release */,
			);
			defaultConfigurationIsVisible = 0;
			defaultConfigurationName = Release;
		};
/* End XCConfigurationList section */

/* Begin XCRemoteSwiftPackageReference section */
		42A6C1E825EBE57000D0346A /* XCRemoteSwiftPackageReference "firebase-ios-sdk" */ = {
			isa = XCRemoteSwiftPackageReference;
			repositoryURL = "https://github.com/firebase/firebase-ios-sdk.git";
			requirement = {
				kind = upToNextMajorVersion;
				minimumVersion = 7.7.0;
			};
		};
		42ED6D3725EE63E200628FCD /* XCRemoteSwiftPackageReference "Kingfisher" */ = {
			isa = XCRemoteSwiftPackageReference;
			repositoryURL = "https://github.com/onevcat/Kingfisher.git";
			requirement = {
				kind = upToNextMajorVersion;
				minimumVersion = 6.1.1;
			};
		};
/* End XCRemoteSwiftPackageReference section */

/* Begin XCSwiftPackageProductDependency section */
		42A6C1E925EBE57000D0346A /* FirebaseFunctions */ = {
			isa = XCSwiftPackageProductDependency;
			package = 42A6C1E825EBE57000D0346A /* XCRemoteSwiftPackageReference "firebase-ios-sdk" */;
			productName = FirebaseFunctions;
		};
		42A6C1EB25EBE57000D0346A /* FirebaseStorage */ = {
			isa = XCSwiftPackageProductDependency;
			package = 42A6C1E825EBE57000D0346A /* XCRemoteSwiftPackageReference "firebase-ios-sdk" */;
			productName = FirebaseStorage;
		};
		42A6C1ED25EBE57000D0346A /* FirebaseAuth */ = {
			isa = XCSwiftPackageProductDependency;
			package = 42A6C1E825EBE57000D0346A /* XCRemoteSwiftPackageReference "firebase-ios-sdk" */;
			productName = FirebaseAuth;
		};
		42A6C1EF25EBE57000D0346A /* FirebaseFirestore */ = {
			isa = XCSwiftPackageProductDependency;
			package = 42A6C1E825EBE57000D0346A /* XCRemoteSwiftPackageReference "firebase-ios-sdk" */;
			productName = FirebaseFirestore;
		};
		42ED6D3825EE63E300628FCD /* Kingfisher */ = {
			isa = XCSwiftPackageProductDependency;
			package = 42ED6D3725EE63E200628FCD /* XCRemoteSwiftPackageReference "Kingfisher" */;
			productName = Kingfisher;
		};
/* End XCSwiftPackageProductDependency section */
	};
	rootObject = 4204FF4825AC8E610030AC6F /* Project object */;
}
