// !$*UTF8*$!
{
	archiveVersion = 1;
	classes = {
	};
	objectVersion = 50;
	objects = {

/* Begin PBXBuildFile section */
		145B885525D4ED330025DC3F /* Assets.xcassets in Resources */ = {isa = PBXBuildFile; fileRef = 145B885425D4ED330025DC3F /* Assets.xcassets */; };
		145B885A25D4EDCD0025DC3F /* ConversationsView.swift in Sources */ = {isa = PBXBuildFile; fileRef = 145B885925D4EDCD0025DC3F /* ConversationsView.swift */; };
		145B885E25D4EDDF0025DC3F /* ConversationCell.swift in Sources */ = {isa = PBXBuildFile; fileRef = 145B885D25D4EDDF0025DC3F /* ConversationCell.swift */; };
		145B886225D4F49A0025DC3F /* MessageInputView.swift in Sources */ = {isa = PBXBuildFile; fileRef = 145B886125D4F49A0025DC3F /* MessageInputView.swift */; };
		145B886525D4F5580025DC3F /* ChatView.swift in Sources */ = {isa = PBXBuildFile; fileRef = 145B886425D4F5580025DC3F /* ChatView.swift */; };
		145B886825D4F7EE0025DC3F /* ChatBubble.swift in Sources */ = {isa = PBXBuildFile; fileRef = 145B886725D4F7EE0025DC3F /* ChatBubble.swift */; };
		145B886B25D4FB1E0025DC3F /* Message.swift in Sources */ = {isa = PBXBuildFile; fileRef = 145B886A25D4FB1E0025DC3F /* Message.swift */; };
		145B886E25D500610025DC3F /* MessageView.swift in Sources */ = {isa = PBXBuildFile; fileRef = 145B886D25D500610025DC3F /* MessageView.swift */; };
		145B887125D501840025DC3F /* NewMessageView.swift in Sources */ = {isa = PBXBuildFile; fileRef = 145B887025D501840025DC3F /* NewMessageView.swift */; };
		4204FF5425AC8E610030AC6F /* TwitterSwiftUITutorialApp.swift in Sources */ = {isa = PBXBuildFile; fileRef = 4204FF5325AC8E610030AC6F /* TwitterSwiftUITutorialApp.swift */; };
		4204FF5625AC8E610030AC6F /* ContentView.swift in Sources */ = {isa = PBXBuildFile; fileRef = 4204FF5525AC8E610030AC6F /* ContentView.swift */; };
		4204FF5B25AC8E690030AC6F /* Preview Assets.xcassets in Resources */ = {isa = PBXBuildFile; fileRef = 4204FF5A25AC8E690030AC6F /* Preview Assets.xcassets */; };
		4240670425DABDC60074ECB4 /* UserProfileView.swift in Sources */ = {isa = PBXBuildFile; fileRef = 4240670325DABDC60074ECB4 /* UserProfileView.swift */; };
		428802C825BB1A1900A62FC8 /* TweetCell.swift in Sources */ = {isa = PBXBuildFile; fileRef = 428802C725BB1A1900A62FC8 /* TweetCell.swift */; };
		42A4128C25B88FBC0084C955 /* FeedView.swift in Sources */ = {isa = PBXBuildFile; fileRef = 42A4128B25B88FBC0084C955 /* FeedView.swift */; };
		42BCA1C025D4220400E34A54 /* UserCell.swift in Sources */ = {isa = PBXBuildFile; fileRef = 42BCA1BF25D4220400E34A54 /* UserCell.swift */; };
		42F9714525D2D1E0001491F5 /* SearchView.swift in Sources */ = {isa = PBXBuildFile; fileRef = 42F9714425D2D1E0001491F5 /* SearchView.swift */; };
		42F9714825D2D273001491F5 /* SearchBar.swift in Sources */ = {isa = PBXBuildFile; fileRef = 42F9714725D2D273001491F5 /* SearchBar.swift */; };
/* End PBXBuildFile section */

/* Begin PBXFileReference section */
		145B885425D4ED330025DC3F /* Assets.xcassets */ = {isa = PBXFileReference; lastKnownFileType = folder.assetcatalog; path = Assets.xcassets; sourceTree = "<group>"; };
		145B885925D4EDCD0025DC3F /* ConversationsView.swift */ = {isa = PBXFileReference; lastKnownFileType = sourcecode.swift; path = ConversationsView.swift; sourceTree = "<group>"; };
		145B885D25D4EDDF0025DC3F /* ConversationCell.swift */ = {isa = PBXFileReference; lastKnownFileType = sourcecode.swift; path = ConversationCell.swift; sourceTree = "<group>"; };
		145B886125D4F49A0025DC3F /* MessageInputView.swift */ = {isa = PBXFileReference; lastKnownFileType = sourcecode.swift; path = MessageInputView.swift; sourceTree = "<group>"; };
		145B886425D4F5580025DC3F /* ChatView.swift */ = {isa = PBXFileReference; lastKnownFileType = sourcecode.swift; path = ChatView.swift; sourceTree = "<group>"; };
		145B886725D4F7EE0025DC3F /* ChatBubble.swift */ = {isa = PBXFileReference; lastKnownFileType = sourcecode.swift; path = ChatBubble.swift; sourceTree = "<group>"; };
		145B886A25D4FB1E0025DC3F /* Message.swift */ = {isa = PBXFileReference; lastKnownFileType = sourcecode.swift; name = Message.swift; path = TwitterSwiftUITutorial/View/Messages/Message.swift; sourceTree = SOURCE_ROOT; };
		145B886D25D500610025DC3F /* MessageView.swift */ = {isa = PBXFileReference; lastKnownFileType = sourcecode.swift; path = MessageView.swift; sourceTree = "<group>"; };
		145B887025D501840025DC3F /* NewMessageView.swift */ = {isa = PBXFileReference; lastKnownFileType = sourcecode.swift; path = NewMessageView.swift; sourceTree = "<group>"; };
		4204FF5025AC8E610030AC6F /* TwitterSwiftUITutorial.app */ = {isa = PBXFileReference; explicitFileType = wrapper.application; includeInIndex = 0; path = TwitterSwiftUITutorial.app; sourceTree = BUILT_PRODUCTS_DIR; };
		4204FF5325AC8E610030AC6F /* TwitterSwiftUITutorialApp.swift */ = {isa = PBXFileReference; lastKnownFileType = sourcecode.swift; path = TwitterSwiftUITutorialApp.swift; sourceTree = "<group>"; };
		4204FF5525AC8E610030AC6F /* ContentView.swift */ = {isa = PBXFileReference; lastKnownFileType = sourcecode.swift; path = ContentView.swift; sourceTree = "<group>"; };
		4204FF5A25AC8E690030AC6F /* Preview Assets.xcassets */ = {isa = PBXFileReference; lastKnownFileType = folder.assetcatalog; path = "Preview Assets.xcassets"; sourceTree = "<group>"; };
		4204FF5C25AC8E690030AC6F /* Info.plist */ = {isa = PBXFileReference; lastKnownFileType = text.plist.xml; path = Info.plist; sourceTree = "<group>"; };
		4240670325DABDC60074ECB4 /* UserProfileView.swift */ = {isa = PBXFileReference; lastKnownFileType = sourcecode.swift; path = UserProfileView.swift; sourceTree = "<group>"; };
		428802C725BB1A1900A62FC8 /* TweetCell.swift */ = {isa = PBXFileReference; lastKnownFileType = sourcecode.swift; path = TweetCell.swift; sourceTree = "<group>"; };
		42A4128B25B88FBC0084C955 /* FeedView.swift */ = {isa = PBXFileReference; lastKnownFileType = sourcecode.swift; path = FeedView.swift; sourceTree = "<group>"; };
		42BCA1BF25D4220400E34A54 /* UserCell.swift */ = {isa = PBXFileReference; lastKnownFileType = sourcecode.swift; path = UserCell.swift; sourceTree = "<group>"; };
		42F9714425D2D1E0001491F5 /* SearchView.swift */ = {isa = PBXFileReference; lastKnownFileType = sourcecode.swift; path = SearchView.swift; sourceTree = "<group>"; };
		42F9714725D2D273001491F5 /* SearchBar.swift */ = {isa = PBXFileReference; lastKnownFileType = sourcecode.swift; path = SearchBar.swift; sourceTree = "<group>"; };
/* End PBXFileReference section */

/* Begin PBXFrameworksBuildPhase section */
		4204FF4D25AC8E610030AC6F /* Frameworks */ = {
			isa = PBXFrameworksBuildPhase;
			buildActionMask = 2147483647;
			files = (
			);
			runOnlyForDeploymentPostprocessing = 0;
		};
/* End PBXFrameworksBuildPhase section */

/* Begin PBXGroup section */
		145B885825D4EDB60025DC3F /* Messages */ = {
			isa = PBXGroup;
			children = (
				145B885925D4EDCD0025DC3F /* ConversationsView.swift */,
				145B885D25D4EDDF0025DC3F /* ConversationCell.swift */,
				145B886125D4F49A0025DC3F /* MessageInputView.swift */,
				145B886425D4F5580025DC3F /* ChatView.swift */,
				145B886725D4F7EE0025DC3F /* ChatBubble.swift */,
				145B886D25D500610025DC3F /* MessageView.swift */,
				145B887025D501840025DC3F /* NewMessageView.swift */,
			);
			path = Messages;
			sourceTree = "<group>";
		};
		4204FF4725AC8E610030AC6F = {
			isa = PBXGroup;
			children = (
				4204FF5225AC8E610030AC6F /* TwitterSwiftUITutorial */,
				4204FF5125AC8E610030AC6F /* Products */,
			);
			sourceTree = "<group>";
		};
		4204FF5125AC8E610030AC6F /* Products */ = {
			isa = PBXGroup;
			children = (
				4204FF5025AC8E610030AC6F /* TwitterSwiftUITutorial.app */,
			);
			name = Products;
			sourceTree = "<group>";
		};
		4204FF5225AC8E610030AC6F /* TwitterSwiftUITutorial */ = {
			isa = PBXGroup;
			children = (
				42A4128525B88F740084C955 /* ViewModels */,
				42A4128425B88F5C0084C955 /* View */,
				42A4128325B88F560084C955 /* Model */,
				4204FF5325AC8E610030AC6F /* TwitterSwiftUITutorialApp.swift */,
				145B885425D4ED330025DC3F /* Assets.xcassets */,
				4204FF5C25AC8E690030AC6F /* Info.plist */,
				4204FF5925AC8E690030AC6F /* Preview Content */,
			);
			path = TwitterSwiftUITutorial;
			sourceTree = "<group>";
		};
		4204FF5925AC8E690030AC6F /* Preview Content */ = {
			isa = PBXGroup;
			children = (
				4204FF5A25AC8E690030AC6F /* Preview Assets.xcassets */,
			);
			path = "Preview Content";
			sourceTree = "<group>";
		};
		4240670225DABDB40074ECB4 /* Profile */ = {
			isa = PBXGroup;
			children = (
				4240670325DABDC60074ECB4 /* UserProfileView.swift */,
			);
			path = Profile;
			sourceTree = "<group>";
		};
		42A4128325B88F560084C955 /* Model */ = {
			isa = PBXGroup;
			children = (
				145B886A25D4FB1E0025DC3F /* Message.swift */,
			);
			path = Model;
			sourceTree = "<group>";
		};
		42A4128425B88F5C0084C955 /* View */ = {
			isa = PBXGroup;
			children = (
				4240670225DABDB40074ECB4 /* Profile */,
				145B885825D4EDB60025DC3F /* Messages */,
				4204FF5525AC8E610030AC6F /* ContentView.swift */,
				42A4128B25B88FBC0084C955 /* FeedView.swift */,
				428802C725BB1A1900A62FC8 /* TweetCell.swift */,
				42F9714425D2D1E0001491F5 /* SearchView.swift */,
				42F9714725D2D273001491F5 /* SearchBar.swift */,
				42BCA1BF25D4220400E34A54 /* UserCell.swift */,
			);
			path = View;
			sourceTree = "<group>";
		};
		42A4128525B88F740084C955 /* ViewModels */ = {
			isa = PBXGroup;
			children = (
			);
			path = ViewModels;
			sourceTree = "<group>";
		};
/* End PBXGroup section */

/* Begin PBXNativeTarget section */
		4204FF4F25AC8E610030AC6F /* TwitterSwiftUITutorial */ = {
			isa = PBXNativeTarget;
			buildConfigurationList = 4204FF5F25AC8E690030AC6F /* Build configuration list for PBXNativeTarget "TwitterSwiftUITutorial" */;
			buildPhases = (
				4204FF4C25AC8E610030AC6F /* Sources */,
				4204FF4D25AC8E610030AC6F /* Frameworks */,
				4204FF4E25AC8E610030AC6F /* Resources */,
			);
			buildRules = (
			);
			dependencies = (
			);
			name = TwitterSwiftUITutorial;
			productName = TwitterSwiftUITutorial;
			productReference = 4204FF5025AC8E610030AC6F /* TwitterSwiftUITutorial.app */;
			productType = "com.apple.product-type.application";
		};
/* End PBXNativeTarget section */

/* Begin PBXProject section */
		4204FF4825AC8E610030AC6F /* Project object */ = {
			isa = PBXProject;
			attributes = {
				LastSwiftUpdateCheck = 1230;
				LastUpgradeCheck = 1230;
				TargetAttributes = {
					4204FF4F25AC8E610030AC6F = {
						CreatedOnToolsVersion = 12.3;
					};
				};
			};
			buildConfigurationList = 4204FF4B25AC8E610030AC6F /* Build configuration list for PBXProject "TwitterSwiftUITutorial" */;
			compatibilityVersion = "Xcode 9.3";
			developmentRegion = en;
			hasScannedForEncodings = 0;
			knownRegions = (
				en,
				Base,
			);
			mainGroup = 4204FF4725AC8E610030AC6F;
			productRefGroup = 4204FF5125AC8E610030AC6F /* Products */;
			projectDirPath = "";
			projectRoot = "";
			targets = (
				4204FF4F25AC8E610030AC6F /* TwitterSwiftUITutorial */,
			);
		};
/* End PBXProject section */

/* Begin PBXResourcesBuildPhase section */
		4204FF4E25AC8E610030AC6F /* Resources */ = {
			isa = PBXResourcesBuildPhase;
			buildActionMask = 2147483647;
			files = (
				4204FF5B25AC8E690030AC6F /* Preview Assets.xcassets in Resources */,
				145B885525D4ED330025DC3F /* Assets.xcassets in Resources */,
			);
			runOnlyForDeploymentPostprocessing = 0;
		};
/* End PBXResourcesBuildPhase section */

/* Begin PBXSourcesBuildPhase section */
		4204FF4C25AC8E610030AC6F /* Sources */ = {
			isa = PBXSourcesBuildPhase;
			buildActionMask = 2147483647;
			files = (
				42F9714525D2D1E0001491F5 /* SearchView.swift in Sources */,
				145B886225D4F49A0025DC3F /* MessageInputView.swift in Sources */,
				4204FF5625AC8E610030AC6F /* ContentView.swift in Sources */,
				42A4128C25B88FBC0084C955 /* FeedView.swift in Sources */,
				145B886525D4F5580025DC3F /* ChatView.swift in Sources */,
				145B885A25D4EDCD0025DC3F /* ConversationsView.swift in Sources */,
				4204FF5425AC8E610030AC6F /* TwitterSwiftUITutorialApp.swift in Sources */,
				145B886825D4F7EE0025DC3F /* ChatBubble.swift in Sources */,
				145B885E25D4EDDF0025DC3F /* ConversationCell.swift in Sources */,
				145B887125D501840025DC3F /* NewMessageView.swift in Sources */,
				145B886B25D4FB1E0025DC3F /* Message.swift in Sources */,
				4240670425DABDC60074ECB4 /* UserProfileView.swift in Sources */,
				428802C825BB1A1900A62FC8 /* TweetCell.swift in Sources */,
				42F9714825D2D273001491F5 /* SearchBar.swift in Sources */,
				145B886E25D500610025DC3F /* MessageView.swift in Sources */,
				42BCA1C025D4220400E34A54 /* UserCell.swift in Sources */,
			);
			runOnlyForDeploymentPostprocessing = 0;
		};
/* End PBXSourcesBuildPhase section */

/* Begin XCBuildConfiguration section */
		4204FF5D25AC8E690030AC6F /* Debug */ = {
			isa = XCBuildConfiguration;
			buildSettings = {
				ALWAYS_SEARCH_USER_PATHS = NO;
				CLANG_ANALYZER_NONNULL = YES;
				CLANG_ANALYZER_NUMBER_OBJECT_CONVERSION = YES_AGGRESSIVE;
				CLANG_CXX_LANGUAGE_STANDARD = "gnu++14";
				CLANG_CXX_LIBRARY = "libc++";
				CLANG_ENABLE_MODULES = YES;
				CLANG_ENABLE_OBJC_ARC = YES;
				CLANG_ENABLE_OBJC_WEAK = YES;
				CLANG_WARN_BLOCK_CAPTURE_AUTORELEASING = YES;
				CLANG_WARN_BOOL_CONVERSION = YES;
				CLANG_WARN_COMMA = YES;
				CLANG_WARN_CONSTANT_CONVERSION = YES;
				CLANG_WARN_DEPRECATED_OBJC_IMPLEMENTATIONS = YES;
				CLANG_WARN_DIRECT_OBJC_ISA_USAGE = YES_ERROR;
				CLANG_WARN_DOCUMENTATION_COMMENTS = YES;
				CLANG_WARN_EMPTY_BODY = YES;
				CLANG_WARN_ENUM_CONVERSION = YES;
				CLANG_WARN_INFINITE_RECURSION = YES;
				CLANG_WARN_INT_CONVERSION = YES;
				CLANG_WARN_NON_LITERAL_NULL_CONVERSION = YES;
				CLANG_WARN_OBJC_IMPLICIT_RETAIN_SELF = YES;
				CLANG_WARN_OBJC_LITERAL_CONVERSION = YES;
				CLANG_WARN_OBJC_ROOT_CLASS = YES_ERROR;
				CLANG_WARN_QUOTED_INCLUDE_IN_FRAMEWORK_HEADER = YES;
				CLANG_WARN_RANGE_LOOP_ANALYSIS = YES;
				CLANG_WARN_STRICT_PROTOTYPES = YES;
				CLANG_WARN_SUSPICIOUS_MOVE = YES;
				CLANG_WARN_UNGUARDED_AVAILABILITY = YES_AGGRESSIVE;
				CLANG_WARN_UNREACHABLE_CODE = YES;
				CLANG_WARN__DUPLICATE_METHOD_MATCH = YES;
				COPY_PHASE_STRIP = NO;
				DEBUG_INFORMATION_FORMAT = dwarf;
				ENABLE_STRICT_OBJC_MSGSEND = YES;
				ENABLE_TESTABILITY = YES;
				GCC_C_LANGUAGE_STANDARD = gnu11;
				GCC_DYNAMIC_NO_PIC = NO;
				GCC_NO_COMMON_BLOCKS = YES;
				GCC_OPTIMIZATION_LEVEL = 0;
				GCC_PREPROCESSOR_DEFINITIONS = (
					"DEBUG=1",
					"$(inherited)",
				);
				GCC_WARN_64_TO_32_BIT_CONVERSION = YES;
				GCC_WARN_ABOUT_RETURN_TYPE = YES_ERROR;
				GCC_WARN_UNDECLARED_SELECTOR = YES;
				GCC_WARN_UNINITIALIZED_AUTOS = YES_AGGRESSIVE;
				GCC_WARN_UNUSED_FUNCTION = YES;
				GCC_WARN_UNUSED_VARIABLE = YES;
				IPHONEOS_DEPLOYMENT_TARGET = 14.3;
				MTL_ENABLE_DEBUG_INFO = INCLUDE_SOURCE;
				MTL_FAST_MATH = YES;
				ONLY_ACTIVE_ARCH = YES;
				SDKROOT = iphoneos;
				SWIFT_ACTIVE_COMPILATION_CONDITIONS = DEBUG;
				SWIFT_OPTIMIZATION_LEVEL = "-Onone";
			};
			name = Debug;
		};
		4204FF5E25AC8E690030AC6F /* Release */ = {
			isa = XCBuildConfiguration;
			buildSettings = {
				ALWAYS_SEARCH_USER_PATHS = NO;
				CLANG_ANALYZER_NONNULL = YES;
				CLANG_ANALYZER_NUMBER_OBJECT_CONVERSION = YES_AGGRESSIVE;
				CLANG_CXX_LANGUAGE_STANDARD = "gnu++14";
				CLANG_CXX_LIBRARY = "libc++";
				CLANG_ENABLE_MODULES = YES;
				CLANG_ENABLE_OBJC_ARC = YES;
				CLANG_ENABLE_OBJC_WEAK = YES;
				CLANG_WARN_BLOCK_CAPTURE_AUTORELEASING = YES;
				CLANG_WARN_BOOL_CONVERSION = YES;
				CLANG_WARN_COMMA = YES;
				CLANG_WARN_CONSTANT_CONVERSION = YES;
				CLANG_WARN_DEPRECATED_OBJC_IMPLEMENTATIONS = YES;
				CLANG_WARN_DIRECT_OBJC_ISA_USAGE = YES_ERROR;
				CLANG_WARN_DOCUMENTATION_COMMENTS = YES;
				CLANG_WARN_EMPTY_BODY = YES;
				CLANG_WARN_ENUM_CONVERSION = YES;
				CLANG_WARN_INFINITE_RECURSION = YES;
				CLANG_WARN_INT_CONVERSION = YES;
				CLANG_WARN_NON_LITERAL_NULL_CONVERSION = YES;
				CLANG_WARN_OBJC_IMPLICIT_RETAIN_SELF = YES;
				CLANG_WARN_OBJC_LITERAL_CONVERSION = YES;
				CLANG_WARN_OBJC_ROOT_CLASS = YES_ERROR;
				CLANG_WARN_QUOTED_INCLUDE_IN_FRAMEWORK_HEADER = YES;
				CLANG_WARN_RANGE_LOOP_ANALYSIS = YES;
				CLANG_WARN_STRICT_PROTOTYPES = YES;
				CLANG_WARN_SUSPICIOUS_MOVE = YES;
				CLANG_WARN_UNGUARDED_AVAILABILITY = YES_AGGRESSIVE;
				CLANG_WARN_UNREACHABLE_CODE = YES;
				CLANG_WARN__DUPLICATE_METHOD_MATCH = YES;
				COPY_PHASE_STRIP = NO;
				DEBUG_INFORMATION_FORMAT = "dwarf-with-dsym";
				ENABLE_NS_ASSERTIONS = NO;
				ENABLE_STRICT_OBJC_MSGSEND = YES;
				GCC_C_LANGUAGE_STANDARD = gnu11;
				GCC_NO_COMMON_BLOCKS = YES;
				GCC_WARN_64_TO_32_BIT_CONVERSION = YES;
				GCC_WARN_ABOUT_RETURN_TYPE = YES_ERROR;
				GCC_WARN_UNDECLARED_SELECTOR = YES;
				GCC_WARN_UNINITIALIZED_AUTOS = YES_AGGRESSIVE;
				GCC_WARN_UNUSED_FUNCTION = YES;
				GCC_WARN_UNUSED_VARIABLE = YES;
				IPHONEOS_DEPLOYMENT_TARGET = 14.3;
				MTL_ENABLE_DEBUG_INFO = NO;
				MTL_FAST_MATH = YES;
				SDKROOT = iphoneos;
				SWIFT_COMPILATION_MODE = wholemodule;
				SWIFT_OPTIMIZATION_LEVEL = "-O";
				VALIDATE_PRODUCT = YES;
			};
			name = Release;
		};
		4204FF6025AC8E690030AC6F /* Debug */ = {
			isa = XCBuildConfiguration;
			buildSettings = {
				ASSETCATALOG_COMPILER_APPICON_NAME = AppIcon;
				ASSETCATALOG_COMPILER_GLOBAL_ACCENT_COLOR_NAME = AccentColor;
				CODE_SIGN_STYLE = Automatic;
				DEVELOPMENT_ASSET_PATHS = "\"TwitterSwiftUITutorial/Preview Content\"";
				ENABLE_PREVIEWS = YES;
				INFOPLIST_FILE = TwitterSwiftUITutorial/Info.plist;
				IPHONEOS_DEPLOYMENT_TARGET = 14.0;
				LD_RUNPATH_SEARCH_PATHS = (
					"$(inherited)",
					"@executable_path/Frameworks",
				);
				PRODUCT_BUNDLE_IDENTIFIER = com.eonsubae.TwitterSwiftUITutorial;
				PRODUCT_NAME = "$(TARGET_NAME)";
				SWIFT_VERSION = 5.0;
				TARGETED_DEVICE_FAMILY = "1,2";
			};
			name = Debug;
		};
		4204FF6125AC8E690030AC6F /* Release */ = {
			isa = XCBuildConfiguration;
			buildSettings = {
				ASSETCATALOG_COMPILER_APPICON_NAME = AppIcon;
				ASSETCATALOG_COMPILER_GLOBAL_ACCENT_COLOR_NAME = AccentColor;
				CODE_SIGN_STYLE = Automatic;
				DEVELOPMENT_ASSET_PATHS = "\"TwitterSwiftUITutorial/Preview Content\"";
				ENABLE_PREVIEWS = YES;
				INFOPLIST_FILE = TwitterSwiftUITutorial/Info.plist;
				IPHONEOS_DEPLOYMENT_TARGET = 14.0;
				LD_RUNPATH_SEARCH_PATHS = (
					"$(inherited)",
					"@executable_path/Frameworks",
				);
				PRODUCT_BUNDLE_IDENTIFIER = com.eonsubae.TwitterSwiftUITutorial;
				PRODUCT_NAME = "$(TARGET_NAME)";
				SWIFT_VERSION = 5.0;
				TARGETED_DEVICE_FAMILY = "1,2";
			};
			name = Release;
		};
/* End XCBuildConfiguration section */

/* Begin XCConfigurationList section */
		4204FF4B25AC8E610030AC6F /* Build configuration list for PBXProject "TwitterSwiftUITutorial" */ = {
			isa = XCConfigurationList;
			buildConfigurations = (
				4204FF5D25AC8E690030AC6F /* Debug */,
				4204FF5E25AC8E690030AC6F /* Release */,
			);
			defaultConfigurationIsVisible = 0;
			defaultConfigurationName = Release;
		};
		4204FF5F25AC8E690030AC6F /* Build configuration list for PBXNativeTarget "TwitterSwiftUITutorial" */ = {
			isa = XCConfigurationList;
			buildConfigurations = (
				4204FF6025AC8E690030AC6F /* Debug */,
				4204FF6125AC8E690030AC6F /* Release */,
			);
			defaultConfigurationIsVisible = 0;
			defaultConfigurationName = Release;
		};
/* End XCConfigurationList section */
	};
	rootObject = 4204FF4825AC8E610030AC6F /* Project object */;
}
